
Microsoft Visual Studio Solution File, Format Version 12.00
# Visual Studio Version 17
VisualStudioVersion = 17.12.35707.178
MinimumVisualStudioVersion = 10.0.40219.1
Project("{FAE04EC0-301F-11D3-BF4B-00C04F79EFBC}") = "AddressBook", "AddressBook\AddressBook.csproj", "{1C97E50B-EF66-4A7A-B7FC-033613003804}"
EndProject
Project("{FAE04EC0-301F-11D3-BF4B-00C04F79EFBC}") = "ModelLayer", "ModelLayer\ModelLayer.csproj", "{F965EF69-0087-4000-84BE-2B36081825CB}"
EndProject
Project("{FAE04EC0-301F-11D3-BF4B-00C04F79EFBC}") = "BusinessLayer", "BusinessLayer\BusinessLayer.csproj", "{60DD4887-BC23-4949-ABA0-4F524BB606E3}"
EndProject
Project("{FAE04EC0-301F-11D3-BF4B-00C04F79EFBC}") = "RepositoryLayer", "RepositoryLayer\RepositoryLayer.csproj", "{22F74C0D-7E2E-4B88-9AA1-5CC2B7E40150}"
EndProject
Project("{FAE04EC0-301F-11D3-BF4B-00C04F79EFBC}") = "AddressBooktest", "AddressBook.Tests\AddressBooktest.csproj", "{04A890B1-0610-4354-A831-32332BBCA416}"
EndProject
Global
	GlobalSection(SolutionConfigurationPlatforms) = preSolution
		Debug|Any CPU = Debug|Any CPU
		Release|Any CPU = Release|Any CPU
	EndGlobalSection
	GlobalSection(ProjectConfigurationPlatforms) = postSolution
		{1C97E50B-EF66-4A7A-B7FC-033613003804}.Debug|Any CPU.ActiveCfg = Debug|Any CPU
		{1C97E50B-EF66-4A7A-B7FC-033613003804}.Debug|Any CPU.Build.0 = Debug|Any CPU
		{1C97E50B-EF66-4A7A-B7FC-033613003804}.Release|Any CPU.ActiveCfg = Release|Any CPU
		{1C97E50B-EF66-4A7A-B7FC-033613003804}.Release|Any CPU.Build.0 = Release|Any CPU
		{F965EF69-0087-4000-84BE-2B36081825CB}.Debug|Any CPU.ActiveCfg = Debug|Any CPU
		{F965EF69-0087-4000-84BE-2B36081825CB}.Debug|Any CPU.Build.0 = Debug|Any CPU
		{F965EF69-0087-4000-84BE-2B36081825CB}.Release|Any CPU.ActiveCfg = Release|Any CPU
		{F965EF69-0087-4000-84BE-2B36081825CB}.Release|Any CPU.Build.0 = Release|Any CPU
		{60DD4887-BC23-4949-ABA0-4F524BB606E3}.Debug|Any CPU.ActiveCfg = Debug|Any CPU
		{60DD4887-BC23-4949-ABA0-4F524BB606E3}.Debug|Any CPU.Build.0 = Debug|Any CPU
		{60DD4887-BC23-4949-ABA0-4F524BB606E3}.Release|Any CPU.ActiveCfg = Release|Any CPU
		{60DD4887-BC23-4949-ABA0-4F524BB606E3}.Release|Any CPU.Build.0 = Release|Any CPU
		{22F74C0D-7E2E-4B88-9AA1-5CC2B7E40150}.Debug|Any CPU.ActiveCfg = Debug|Any CPU
		{22F74C0D-7E2E-4B88-9AA1-5CC2B7E40150}.Debug|Any CPU.Build.0 = Debug|Any CPU
		{22F74C0D-7E2E-4B88-9AA1-5CC2B7E40150}.Release|Any CPU.ActiveCfg = Release|Any CPU
		{22F74C0D-7E2E-4B88-9AA1-5CC2B7E40150}.Release|Any CPU.Build.0 = Release|Any CPU
		{04A890B1-0610-4354-A831-32332BBCA416}.Debug|Any CPU.ActiveCfg = Debug|Any CPU
		{04A890B1-0610-4354-A831-32332BBCA416}.Debug|Any CPU.Build.0 = Debug|Any CPU
		{04A890B1-0610-4354-A831-32332BBCA416}.Release|Any CPU.ActiveCfg = Release|Any CPU
		{04A890B1-0610-4354-A831-32332BBCA416}.Release|Any CPU.Build.0 = Release|Any CPU
	EndGlobalSection
	GlobalSection(SolutionProperties) = preSolution
		HideSolutionNode = FALSE
	EndGlobalSection
EndGlobal
